
Microsoft Visual Studio Solution File, Format Version 12.00
# Visual Studio Version 17
VisualStudioVersion = 17.0.32112.339
MinimumVisualStudioVersion = 10.0.40219.1
Project("{FAE04EC0-301F-11D3-BF4B-00C04F79EFBC}") = "QuanNet", "QuanNet\QuanNet.csproj", "{561501E7-5FDB-43BC-8652-9C7279F284BF}"
EndProject
Global
	GlobalSection(SolutionConfigurationPlatforms) = preSolution
		Debug|Any CPU = Debug|Any CPU
		Release|Any CPU = Release|Any CPU
	EndGlobalSection
	GlobalSection(ProjectConfigurationPlatforms) = postSolution
		{561501E7-5FDB-43BC-8652-9C7279F284BF}.Debug|Any CPU.ActiveCfg = Debug|Any CPU
		{561501E7-5FDB-43BC-8652-9C7279F284BF}.Debug|Any CPU.Build.0 = Debug|Any CPU
		{561501E7-5FDB-43BC-8652-9C7279F284BF}.Release|Any CPU.ActiveCfg = Release|Any CPU
		{561501E7-5FDB-43BC-8652-9C7279F284BF}.Release|Any CPU.Build.0 = Release|Any CPU
	EndGlobalSection
	GlobalSection(SolutionProperties) = preSolution
		HideSolutionNode = FALSE
	EndGlobalSection
	GlobalSection(ExtensibilityGlobals) = postSolution
		SolutionGuid = {A2502D37-A12F-4691-9A9A-153371E7C811}
	EndGlobalSection
EndGlobal
